
Microsoft Visual Studio Solution File, Format Version 12.00
# Visual Studio Version 17
VisualStudioVersion = 17.11.35303.130
MinimumVisualStudioVersion = 10.0.40219.1
Project("{FAE04EC0-301F-11D3-BF4B-00C04F79EFBC}") = "CategoriasMvc", "CategoriasMvc\CategoriasMvc.csproj", "{C9D71242-FCF1-4B64-B4AC-2A5834D43C5D}"
EndProject
Global
	GlobalSection(SolutionConfigurationPlatforms) = preSolution
		Debug|Any CPU = Debug|Any CPU
		Release|Any CPU = Release|Any CPU
	EndGlobalSection
	GlobalSection(ProjectConfigurationPlatforms) = postSolution
		{C9D71242-FCF1-4B64-B4AC-2A5834D43C5D}.Debug|Any CPU.ActiveCfg = Debug|Any CPU
		{C9D71242-FCF1-4B64-B4AC-2A5834D43C5D}.Debug|Any CPU.Build.0 = Debug|Any CPU
		{C9D71242-FCF1-4B64-B4AC-2A5834D43C5D}.Release|Any CPU.ActiveCfg = Release|Any CPU
		{C9D71242-FCF1-4B64-B4AC-2A5834D43C5D}.Release|Any CPU.Build.0 = Release|Any CPU
	EndGlobalSection
	GlobalSection(SolutionProperties) = preSolution
		HideSolutionNode = FALSE
	EndGlobalSection
	GlobalSection(ExtensibilityGlobals) = postSolution
		SolutionGuid = {75CE86FE-6CB4-41CB-9FE7-34BB5F2A49CE}
	EndGlobalSection
EndGlobal
